
Microsoft Visual Studio Solution File, Format Version 12.00
# Visual Studio Version 17
VisualStudioVersion = 17.14.36511.14 d17.14
MinimumVisualStudioVersion = 10.0.40219.1
Project("{FAE04EC0-301F-11D3-BF4B-00C04F79EFBC}") = "WpfApp1", "WpfApp1\WpfApp1.csproj", "{DACA2C42-82CA-4B26-85C4-A9FC021BDC8A}"
EndProject
Global
	GlobalSection(SolutionConfigurationPlatforms) = preSolution
		Debug|Any CPU = Debug|Any CPU
		Release|Any CPU = Release|Any CPU
	EndGlobalSection
	GlobalSection(ProjectConfigurationPlatforms) = postSolution
		{DACA2C42-82CA-4B26-85C4-A9FC021BDC8A}.Debug|Any CPU.ActiveCfg = Debug|Any CPU
		{DACA2C42-82CA-4B26-85C4-A9FC021BDC8A}.Debug|Any CPU.Build.0 = Debug|Any CPU
		{DACA2C42-82CA-4B26-85C4-A9FC021BDC8A}.Release|Any CPU.ActiveCfg = Release|Any CPU
		{DACA2C42-82CA-4B26-85C4-A9FC021BDC8A}.Release|Any CPU.Build.0 = Release|Any CPU
	EndGlobalSection
	GlobalSection(SolutionProperties) = preSolution
		HideSolutionNode = FALSE
	EndGlobalSection
	GlobalSection(ExtensibilityGlobals) = postSolution
		SolutionGuid = {95F80AE6-1A07-4417-A139-2FDF2354D265}
	EndGlobalSection
EndGlobal
