
Microsoft Visual Studio Solution File, Format Version 12.00
# Visual Studio Version 17
VisualStudioVersion = 17.14.36511.14 d17.14
MinimumVisualStudioVersion = 10.0.40219.1
Project("{FAE04EC0-301F-11D3-BF4B-00C04F79EFBC}") = "WindowsFormsApp1", "WindowsFormsApp1\WindowsFormsApp1.csproj", "{24238022-2C77-47EC-9655-F9BE79155466}"
EndProject
Global
	GlobalSection(SolutionConfigurationPlatforms) = preSolution
		Debug|Any CPU = Debug|Any CPU
		Release|Any CPU = Release|Any CPU
	EndGlobalSection
	GlobalSection(ProjectConfigurationPlatforms) = postSolution
		{24238022-2C77-47EC-9655-F9BE79155466}.Debug|Any CPU.ActiveCfg = Debug|Any CPU
		{24238022-2C77-47EC-9655-F9BE79155466}.Debug|Any CPU.Build.0 = Debug|Any CPU
		{24238022-2C77-47EC-9655-F9BE79155466}.Release|Any CPU.ActiveCfg = Release|Any CPU
		{24238022-2C77-47EC-9655-F9BE79155466}.Release|Any CPU.Build.0 = Release|Any CPU
	EndGlobalSection
	GlobalSection(SolutionProperties) = preSolution
		HideSolutionNode = FALSE
	EndGlobalSection
	GlobalSection(ExtensibilityGlobals) = postSolution
		SolutionGuid = {AF83BC08-56DF-458E-9BA3-60A74E2B0DC5}
	EndGlobalSection
EndGlobal
