
Microsoft Visual Studio Solution File, Format Version 12.00
# Visual Studio Version 17
VisualStudioVersion = 17.14.36511.14 d17.14
MinimumVisualStudioVersion = 10.0.40219.1
Project("{FAE04EC0-301F-11D3-BF4B-00C04F79EFBC}") = "WpfApp1", "WpfApp1\WpfApp1.csproj", "{AD88B04A-732D-425D-A93D-AB5B82046890}"
EndProject
Global
	GlobalSection(SolutionConfigurationPlatforms) = preSolution
		Debug|Any CPU = Debug|Any CPU
		Release|Any CPU = Release|Any CPU
	EndGlobalSection
	GlobalSection(ProjectConfigurationPlatforms) = postSolution
		{AD88B04A-732D-425D-A93D-AB5B82046890}.Debug|Any CPU.ActiveCfg = Debug|Any CPU
		{AD88B04A-732D-425D-A93D-AB5B82046890}.Debug|Any CPU.Build.0 = Debug|Any CPU
		{AD88B04A-732D-425D-A93D-AB5B82046890}.Release|Any CPU.ActiveCfg = Release|Any CPU
		{AD88B04A-732D-425D-A93D-AB5B82046890}.Release|Any CPU.Build.0 = Release|Any CPU
	EndGlobalSection
	GlobalSection(SolutionProperties) = preSolution
		HideSolutionNode = FALSE
	EndGlobalSection
	GlobalSection(ExtensibilityGlobals) = postSolution
		SolutionGuid = {7090AAEB-9C78-4703-B21C-D439EB9835E3}
	EndGlobalSection
EndGlobal
