
Microsoft Visual Studio Solution File, Format Version 12.00
# Visual Studio Version 17
VisualStudioVersion = 17.14.36511.14 d17.14
MinimumVisualStudioVersion = 10.0.40219.1
Project("{FAE04EC0-301F-11D3-BF4B-00C04F79EFBC}") = "WpfApp1", "WpfApp1\WpfApp1.csproj", "{171CB07D-5616-4193-A52A-D43A27CA5746}"
EndProject
Global
	GlobalSection(SolutionConfigurationPlatforms) = preSolution
		Debug|Any CPU = Debug|Any CPU
		Release|Any CPU = Release|Any CPU
	EndGlobalSection
	GlobalSection(ProjectConfigurationPlatforms) = postSolution
		{171CB07D-5616-4193-A52A-D43A27CA5746}.Debug|Any CPU.ActiveCfg = Debug|Any CPU
		{171CB07D-5616-4193-A52A-D43A27CA5746}.Debug|Any CPU.Build.0 = Debug|Any CPU
		{171CB07D-5616-4193-A52A-D43A27CA5746}.Release|Any CPU.ActiveCfg = Release|Any CPU
		{171CB07D-5616-4193-A52A-D43A27CA5746}.Release|Any CPU.Build.0 = Release|Any CPU
	EndGlobalSection
	GlobalSection(SolutionProperties) = preSolution
		HideSolutionNode = FALSE
	EndGlobalSection
	GlobalSection(ExtensibilityGlobals) = postSolution
		SolutionGuid = {708E94BC-76ED-412E-9C12-F7A32E29B349}
	EndGlobalSection
EndGlobal
