
Microsoft Visual Studio Solution File, Format Version 12.00
# Visual Studio Version 17
VisualStudioVersion = 17.14.36511.14 d17.14
MinimumVisualStudioVersion = 10.0.40219.1
Project("{FAE04EC0-301F-11D3-BF4B-00C04F79EFBC}") = "WpfApp1", "WpfApp1\WpfApp1.csproj", "{3708E539-2133-4C54-BAEB-970EBB19AB10}"
EndProject
Global
	GlobalSection(SolutionConfigurationPlatforms) = preSolution
		Debug|Any CPU = Debug|Any CPU
		Release|Any CPU = Release|Any CPU
	EndGlobalSection
	GlobalSection(ProjectConfigurationPlatforms) = postSolution
		{3708E539-2133-4C54-BAEB-970EBB19AB10}.Debug|Any CPU.ActiveCfg = Debug|Any CPU
		{3708E539-2133-4C54-BAEB-970EBB19AB10}.Debug|Any CPU.Build.0 = Debug|Any CPU
		{3708E539-2133-4C54-BAEB-970EBB19AB10}.Release|Any CPU.ActiveCfg = Release|Any CPU
		{3708E539-2133-4C54-BAEB-970EBB19AB10}.Release|Any CPU.Build.0 = Release|Any CPU
	EndGlobalSection
	GlobalSection(SolutionProperties) = preSolution
		HideSolutionNode = FALSE
	EndGlobalSection
	GlobalSection(ExtensibilityGlobals) = postSolution
		SolutionGuid = {1A45C214-352F-40F1-A4B3-3F1CE5E48E8E}
	EndGlobalSection
EndGlobal
