
Microsoft Visual Studio Solution File, Format Version 12.00
# Visual Studio Version 17
VisualStudioVersion = 17.14.36511.14 d17.14
MinimumVisualStudioVersion = 10.0.40219.1
Project("{FAE04EC0-301F-11D3-BF4B-00C04F79EFBC}") = "Магнит", "Магнит\Магнит.csproj", "{870B52B2-0965-4986-AFF4-D3F9D951F7EE}"
EndProject
Global
	GlobalSection(SolutionConfigurationPlatforms) = preSolution
		Debug|Any CPU = Debug|Any CPU
		Release|Any CPU = Release|Any CPU
	EndGlobalSection
	GlobalSection(ProjectConfigurationPlatforms) = postSolution
		{870B52B2-0965-4986-AFF4-D3F9D951F7EE}.Debug|Any CPU.ActiveCfg = Debug|Any CPU
		{870B52B2-0965-4986-AFF4-D3F9D951F7EE}.Debug|Any CPU.Build.0 = Debug|Any CPU
		{870B52B2-0965-4986-AFF4-D3F9D951F7EE}.Release|Any CPU.ActiveCfg = Release|Any CPU
		{870B52B2-0965-4986-AFF4-D3F9D951F7EE}.Release|Any CPU.Build.0 = Release|Any CPU
	EndGlobalSection
	GlobalSection(SolutionProperties) = preSolution
		HideSolutionNode = FALSE
	EndGlobalSection
	GlobalSection(ExtensibilityGlobals) = postSolution
		SolutionGuid = {A9FA5E1F-7B1E-40D4-A34C-225E7FFA96B6}
	EndGlobalSection
EndGlobal
