
Microsoft Visual Studio Solution File, Format Version 12.00
# Visual Studio Version 17
VisualStudioVersion = 17.14.36511.14 d17.14
MinimumVisualStudioVersion = 10.0.40219.1
Project("{FAE04EC0-301F-11D3-BF4B-00C04F79EFBC}") = "WpfApp1", "WpfApp1\WpfApp1.csproj", "{52EB5527-383D-48EA-859C-69D17F08ECA9}"
EndProject
Global
	GlobalSection(SolutionConfigurationPlatforms) = preSolution
		Debug|Any CPU = Debug|Any CPU
		Release|Any CPU = Release|Any CPU
	EndGlobalSection
	GlobalSection(ProjectConfigurationPlatforms) = postSolution
		{52EB5527-383D-48EA-859C-69D17F08ECA9}.Debug|Any CPU.ActiveCfg = Debug|Any CPU
		{52EB5527-383D-48EA-859C-69D17F08ECA9}.Debug|Any CPU.Build.0 = Debug|Any CPU
		{52EB5527-383D-48EA-859C-69D17F08ECA9}.Release|Any CPU.ActiveCfg = Release|Any CPU
		{52EB5527-383D-48EA-859C-69D17F08ECA9}.Release|Any CPU.Build.0 = Release|Any CPU
	EndGlobalSection
	GlobalSection(SolutionProperties) = preSolution
		HideSolutionNode = FALSE
	EndGlobalSection
	GlobalSection(ExtensibilityGlobals) = postSolution
		SolutionGuid = {28815D52-F76B-49C9-A468-B682F3C457E0}
	EndGlobalSection
EndGlobal
